
Microsoft Visual Studio Solution File, Format Version 12.00
# Visual Studio Version 17
VisualStudioVersion = 17.9.34714.143
MinimumVisualStudioVersion = 10.0.40219.1
Project("{9A19103F-16F7-4668-BE54-9A1E7A4F7556}") = "WebAppMobile", "WebAppMobile.csproj", "{5B298995-8FFC-4272-8E2C-9A20792ACA1C}"
EndProject
Global
	GlobalSection(SolutionConfigurationPlatforms) = preSolution
		Debug|Any CPU = Debug|Any CPU
		Release|Any CPU = Release|Any CPU
	EndGlobalSection
	GlobalSection(ProjectConfigurationPlatforms) = postSolution
		{5B298995-8FFC-4272-8E2C-9A20792ACA1C}.Debug|Any CPU.ActiveCfg = Debug|Any CPU
		{5B298995-8FFC-4272-8E2C-9A20792ACA1C}.Debug|Any CPU.Build.0 = Debug|Any CPU
		{5B298995-8FFC-4272-8E2C-9A20792ACA1C}.Release|Any CPU.ActiveCfg = Release|Any CPU
		{5B298995-8FFC-4272-8E2C-9A20792ACA1C}.Release|Any CPU.Build.0 = Release|Any CPU
	EndGlobalSection
	GlobalSection(SolutionProperties) = preSolution
		HideSolutionNode = FALSE
	EndGlobalSection
	GlobalSection(ExtensibilityGlobals) = postSolution
		SolutionGuid = {D41AB7E2-DF20-47E2-B5D5-DF029AED9407}
	EndGlobalSection
EndGlobal
