
Microsoft Visual Studio Solution File, Format Version 12.00
# Visual Studio Version 17
VisualStudioVersion = 17.9.34714.143
MinimumVisualStudioVersion = 10.0.40219.1
Project("{FAE04EC0-301F-11D3-BF4B-00C04F79EFBC}") = "T2301EAssignment", "T2301EAssignment\T2301EAssignment.csproj", "{BD3DA208-6F8B-413F-9E40-89C0E0D3B188}"
EndProject
Global
	GlobalSection(SolutionConfigurationPlatforms) = preSolution
		Debug|Any CPU = Debug|Any CPU
		Release|Any CPU = Release|Any CPU
	EndGlobalSection
	GlobalSection(ProjectConfigurationPlatforms) = postSolution
		{BD3DA208-6F8B-413F-9E40-89C0E0D3B188}.Debug|Any CPU.ActiveCfg = Debug|Any CPU
		{BD3DA208-6F8B-413F-9E40-89C0E0D3B188}.Debug|Any CPU.Build.0 = Debug|Any CPU
		{BD3DA208-6F8B-413F-9E40-89C0E0D3B188}.Release|Any CPU.ActiveCfg = Release|Any CPU
		{BD3DA208-6F8B-413F-9E40-89C0E0D3B188}.Release|Any CPU.Build.0 = Release|Any CPU
	EndGlobalSection
	GlobalSection(SolutionProperties) = preSolution
		HideSolutionNode = FALSE
	EndGlobalSection
	GlobalSection(ExtensibilityGlobals) = postSolution
		SolutionGuid = {0BC36676-FDDE-466C-A077-8ABDA2C8D26E}
	EndGlobalSection
EndGlobal
