
Microsoft Visual Studio Solution File, Format Version 12.00
# Visual Studio Version 17
VisualStudioVersion = 17.9.34607.119
MinimumVisualStudioVersion = 10.0.40219.1
Project("{FAE04EC0-301F-11D3-BF4B-00C04F79EFBC}") = "ConsoleAppADO.NET", "ConsoleAppADO.NET\ConsoleAppADO.NET.csproj", "{8A13FF7B-193E-4C65-9954-FFE1D1C51E55}"
EndProject
Global
	GlobalSection(SolutionConfigurationPlatforms) = preSolution
		Debug|Any CPU = Debug|Any CPU
		Release|Any CPU = Release|Any CPU
	EndGlobalSection
	GlobalSection(ProjectConfigurationPlatforms) = postSolution
		{8A13FF7B-193E-4C65-9954-FFE1D1C51E55}.Debug|Any CPU.ActiveCfg = Debug|Any CPU
		{8A13FF7B-193E-4C65-9954-FFE1D1C51E55}.Debug|Any CPU.Build.0 = Debug|Any CPU
		{8A13FF7B-193E-4C65-9954-FFE1D1C51E55}.Release|Any CPU.ActiveCfg = Release|Any CPU
		{8A13FF7B-193E-4C65-9954-FFE1D1C51E55}.Release|Any CPU.Build.0 = Release|Any CPU
	EndGlobalSection
	GlobalSection(SolutionProperties) = preSolution
		HideSolutionNode = FALSE
	EndGlobalSection
	GlobalSection(ExtensibilityGlobals) = postSolution
		SolutionGuid = {50EEF1CE-C614-4D4B-B87A-F6555E472133}
	EndGlobalSection
EndGlobal
