
Microsoft Visual Studio Solution File, Format Version 12.00
# Visual Studio Version 17
VisualStudioVersion = 17.9.34714.143
MinimumVisualStudioVersion = 10.0.40219.1
Project("{FAE04EC0-301F-11D3-BF4B-00C04F79EFBC}") = "AzureWebAPI", "AzureWebAPI\AzureWebAPI.csproj", "{DC0441E2-7BFE-49EB-88CF-90E137B88A33}"
EndProject
Global
	GlobalSection(SolutionConfigurationPlatforms) = preSolution
		Debug|Any CPU = Debug|Any CPU
		Release|Any CPU = Release|Any CPU
	EndGlobalSection
	GlobalSection(ProjectConfigurationPlatforms) = postSolution
		{DC0441E2-7BFE-49EB-88CF-90E137B88A33}.Debug|Any CPU.ActiveCfg = Debug|Any CPU
		{DC0441E2-7BFE-49EB-88CF-90E137B88A33}.Debug|Any CPU.Build.0 = Debug|Any CPU
		{DC0441E2-7BFE-49EB-88CF-90E137B88A33}.Release|Any CPU.ActiveCfg = Release|Any CPU
		{DC0441E2-7BFE-49EB-88CF-90E137B88A33}.Release|Any CPU.Build.0 = Release|Any CPU
	EndGlobalSection
	GlobalSection(SolutionProperties) = preSolution
		HideSolutionNode = FALSE
	EndGlobalSection
	GlobalSection(ExtensibilityGlobals) = postSolution
		SolutionGuid = {6F79B9B1-E771-4726-A974-4DE11FA6B8CA}
	EndGlobalSection
EndGlobal
