
Microsoft Visual Studio Solution File, Format Version 12.00
# Visual Studio Version 17
VisualStudioVersion = 17.9.34714.143
MinimumVisualStudioVersion = 10.0.40219.1
Project("{FAE04EC0-301F-11D3-BF4B-00C04F79EFBC}") = "AzureDemo", "AzureDemo\AzureDemo.csproj", "{0240995A-B4B6-4607-956E-61F9AD88DC6D}"
EndProject
Global
	GlobalSection(SolutionConfigurationPlatforms) = preSolution
		Debug|Any CPU = Debug|Any CPU
		Release|Any CPU = Release|Any CPU
	EndGlobalSection
	GlobalSection(ProjectConfigurationPlatforms) = postSolution
		{0240995A-B4B6-4607-956E-61F9AD88DC6D}.Debug|Any CPU.ActiveCfg = Debug|Any CPU
		{0240995A-B4B6-4607-956E-61F9AD88DC6D}.Debug|Any CPU.Build.0 = Debug|Any CPU
		{0240995A-B4B6-4607-956E-61F9AD88DC6D}.Release|Any CPU.ActiveCfg = Release|Any CPU
		{0240995A-B4B6-4607-956E-61F9AD88DC6D}.Release|Any CPU.Build.0 = Release|Any CPU
	EndGlobalSection
	GlobalSection(SolutionProperties) = preSolution
		HideSolutionNode = FALSE
	EndGlobalSection
	GlobalSection(ExtensibilityGlobals) = postSolution
		SolutionGuid = {8DD96A09-4271-4179-B399-0AE8380D6A23}
	EndGlobalSection
EndGlobal
